
Microsoft Visual Studio Solution File, Format Version 12.00
# Visual Studio Version 17
VisualStudioVersion = 17.5.002.0
MinimumVisualStudioVersion = 10.0.40219.1
Project("{9A19103F-16F7-4668-BE54-9A1E7A4F7556}") = "MineMate", "MineMate.csproj", "{A109CB95-9F0C-4EA6-8E4D-CF0249A546DF}"
EndProject
Global
	GlobalSection(SolutionConfigurationPlatforms) = preSolution
		Debug|Any CPU = Debug|Any CPU
		Release|Any CPU = Release|Any CPU
	EndGlobalSection
	GlobalSection(ProjectConfigurationPlatforms) = postSolution
		{A109CB95-9F0C-4EA6-8E4D-CF0249A546DF}.Debug|Any CPU.ActiveCfg = Debug|Any CPU
		{A109CB95-9F0C-4EA6-8E4D-CF0249A546DF}.Debug|Any CPU.Build.0 = Debug|Any CPU
		{A109CB95-9F0C-4EA6-8E4D-CF0249A546DF}.Release|Any CPU.ActiveCfg = Release|Any CPU
		{A109CB95-9F0C-4EA6-8E4D-CF0249A546DF}.Release|Any CPU.Build.0 = Release|Any CPU
	EndGlobalSection
	GlobalSection(SolutionProperties) = preSolution
		HideSolutionNode = FALSE
	EndGlobalSection
	GlobalSection(ExtensibilityGlobals) = postSolution
		SolutionGuid = {D1BEABDA-8112-490C-8424-47074539200E}
	EndGlobalSection
EndGlobal
